
Microsoft Visual Studio Solution File, Format Version 12.00
# Visual Studio Version 17
VisualStudioVersion = 17.2.32630.192
MinimumVisualStudioVersion = 10.0.40219.1
Project("{FAE04EC0-301F-11D3-BF4B-00C04F79EFBC}") = "helloWorld2", "helloWorld2\helloWorld2.csproj", "{1759162F-989A-43AD-A876-DF00902AA870}"
EndProject
Global
	GlobalSection(SolutionConfigurationPlatforms) = preSolution
		Debug|Any CPU = Debug|Any CPU
		Release|Any CPU = Release|Any CPU
	EndGlobalSection
	GlobalSection(ProjectConfigurationPlatforms) = postSolution
		{1759162F-989A-43AD-A876-DF00902AA870}.Debug|Any CPU.ActiveCfg = Debug|Any CPU
		{1759162F-989A-43AD-A876-DF00902AA870}.Debug|Any CPU.Build.0 = Debug|Any CPU
		{1759162F-989A-43AD-A876-DF00902AA870}.Release|Any CPU.ActiveCfg = Release|Any CPU
		{1759162F-989A-43AD-A876-DF00902AA870}.Release|Any CPU.Build.0 = Release|Any CPU
	EndGlobalSection
	GlobalSection(SolutionProperties) = preSolution
		HideSolutionNode = FALSE
	EndGlobalSection
	GlobalSection(ExtensibilityGlobals) = postSolution
		SolutionGuid = {7DCC1C3A-5CE8-4383-B323-ED3959799BAE}
	EndGlobalSection
EndGlobal
